
Microsoft Visual Studio Solution File, Format Version 12.00
# Visual Studio Version 16
VisualStudioVersion = 16.0.30611.23
MinimumVisualStudioVersion = 10.0.40219.1
Project("{9A19103F-16F7-4668-BE54-9A1E7A4F7556}") = "AmazingContacts.ConsoleApp", "AmazingContacts.ConsoleApp\AmazingContacts.ConsoleApp.csproj", "{F8137312-A583-4788-B34E-8463974A59F1}"
EndProject
Project("{FAE04EC0-301F-11D3-BF4B-00C04F79EFBC}") = "AmazingContacts.DesktopApp", "AmazingContacts.DesktopApp\AmazingContacts.DesktopApp.csproj", "{3CA7338F-5CFB-4A2E-8F05-886B091B5A7A}"
EndProject
Global
	GlobalSection(SolutionConfigurationPlatforms) = preSolution
		Debug|Any CPU = Debug|Any CPU
		Release|Any CPU = Release|Any CPU
	EndGlobalSection
	GlobalSection(ProjectConfigurationPlatforms) = postSolution
		{F8137312-A583-4788-B34E-8463974A59F1}.Debug|Any CPU.ActiveCfg = Debug|Any CPU
		{F8137312-A583-4788-B34E-8463974A59F1}.Debug|Any CPU.Build.0 = Debug|Any CPU
		{F8137312-A583-4788-B34E-8463974A59F1}.Release|Any CPU.ActiveCfg = Release|Any CPU
		{F8137312-A583-4788-B34E-8463974A59F1}.Release|Any CPU.Build.0 = Release|Any CPU
		{3CA7338F-5CFB-4A2E-8F05-886B091B5A7A}.Debug|Any CPU.ActiveCfg = Debug|Any CPU
		{3CA7338F-5CFB-4A2E-8F05-886B091B5A7A}.Debug|Any CPU.Build.0 = Debug|Any CPU
		{3CA7338F-5CFB-4A2E-8F05-886B091B5A7A}.Release|Any CPU.ActiveCfg = Release|Any CPU
		{3CA7338F-5CFB-4A2E-8F05-886B091B5A7A}.Release|Any CPU.Build.0 = Release|Any CPU
	EndGlobalSection
	GlobalSection(SolutionProperties) = preSolution
		HideSolutionNode = FALSE
	EndGlobalSection
	GlobalSection(ExtensibilityGlobals) = postSolution
		SolutionGuid = {4D9E1AE9-88FE-44FB-BBF1-A4EC7D739766}
	EndGlobalSection
EndGlobal
